{
  "name": "@protodriver/transport-node-usb",
  "version": "0.0.0",
  "lockfileVersion": 3,
  "requires": true,
  "packages": {
    "": {
      "name": "@protodriver/transport-node-usb",
      "version": "0.0.0",
      "dependencies": {
        "@protodriver/contracts": "file:../contracts",
        "@protodriver/core": "file:../core",
        "usb": "2.15.0"
      },
      "devDependencies": {
        "@types/node": "22.10.2",
        "typescript": "5.6.3"
      },
      "engines": {
        "node": ">=22"
      }
    },
    "../contracts": {
      "name": "@protodriver/contracts",
      "version": "0.0.0",
      "devDependencies": {
        "typescript": "5.6.3"
      },
      "engines": {
        "node": ">=22"
      }
    },
    "../core": {
      "name": "@protodriver/core",
      "version": "0.0.0",
      "dependencies": {
        "@protodriver/contracts": "file:../contracts"
      },
      "devDependencies": {
        "typescript": "5.6.3"
      },
      "engines": {
        "node": ">=22"
      }
    },
    "node_modules/@protodriver/contracts": {
      "resolved": "../contracts",
      "link": true
    },
    "node_modules/@protodriver/core": {
      "resolved": "../core",
      "link": true
    },
    "node_modules/@types/node": {
      "version": "22.10.2",
      "resolved": "https://registry.npmjs.org/@types/node/-/node-22.10.2.tgz",
      "integrity": "sha512-Xxr6BBRCAOQixvonOye19wnzyDiUtTeqldOOmj3CkeblonbccA12PFwlufvRdrpjXxqnmUaeiU5EOA+7s5diUQ==",
      "dev": true,
      "license": "MIT",
      "dependencies": {
        "undici-types": "~6.20.0"
      }
    },
    "node_modules/@types/w3c-web-usb": {
      "version": "1.0.14",
      "resolved": "https://registry.npmjs.org/@types/w3c-web-usb/-/w3c-web-usb-1.0.14.tgz",
      "integrity": "sha512-Qu3Nn6JFuF4+sHKYl+IcX9vYiI40ogleXzFFSxoE1W94rG98o/kXs8uJ0QSfFzuwBCZWlGfUGpPkgwuuX4PchA==",
      "license": "MIT"
    },
    "node_modules/node-addon-api": {
      "version": "8.9.2",
      "resolved": "https://registry.npmjs.org/node-addon-api/-/node-addon-api-8.9.2.tgz",
      "integrity": "sha512-VijLXbi3UACN69I0JVXJsX4tjACjNoQDgv2gTF6sx2wWEi8tkSg2eX8p5gSIFi8z2+DL3oHmY6OyKce38SDolg==",
      "license": "MIT",
      "engines": {
        "node": "^18 || ^20 || >= 21"
      }
    },
    "node_modules/node-gyp-build": {
      "version": "4.8.4",
      "resolved": "https://registry.npmjs.org/node-gyp-build/-/node-gyp-build-4.8.4.tgz",
      "integrity": "sha512-LA4ZjwlnUblHVgq0oBF3Jl/6h/Nvs5fzBLwdEF4nuxnFdsfajde4WfxtJr3CaiH+F6ewcIB/q4jQ4UzPyid+CQ==",
      "license": "MIT",
      "bin": {
        "node-gyp-build": "bin.js",
        "node-gyp-build-optional": "optional.js",
        "node-gyp-build-test": "build-test.js"
      }
    },
    "node_modules/typescript": {
      "version": "5.6.3",
      "resolved": "https://registry.npmjs.org/typescript/-/typescript-5.6.3.tgz",
      "integrity": "sha512-hjcS1mhfuyi4WW8IWtjP7brDrG2cuDZukyrYrSauoXGNgx0S7zceP07adYkJycEr56BOUTNPzbInooiN3fn1qw==",
      "dev": true,
      "license": "Apache-2.0",
      "bin": {
        "tsc": "bin/tsc",
        "tsserver": "bin/tsserver"
      },
      "engines": {
        "node": ">=14.17"
      }
    },
    "node_modules/undici-types": {
      "version": "6.20.0",
      "resolved": "https://registry.npmjs.org/undici-types/-/undici-types-6.20.0.tgz",
      "integrity": "sha512-Ny6QZ2Nju20vw1SRHe3d9jVu6gJ+4e3+MMpqu7pqE5HT6WsTSlce++GQmK5UXS8mzV8DSYHrQH+Xrf2jVcuKNg==",
      "dev": true,
      "license": "MIT"
    },
    "node_modules/usb": {
      "version": "2.15.0",
      "resolved": "https://registry.npmjs.org/usb/-/usb-2.15.0.tgz",
      "integrity": "sha512-BA9r7PFxyYp99wps1N70lIqdPb2Utcl2KkWohDtWUmhDBeM5hDH1Zl/L/CZvWxd5W3RUCNm1g+b+DEKZ6cHzqg==",
      "hasInstallScript": true,
      "license": "MIT",
      "dependencies": {
        "@types/w3c-web-usb": "^1.0.6",
        "node-addon-api": "^8.0.0",
        "node-gyp-build": "^4.5.0"
      },
      "engines": {
        "node": ">=12.22.0 <13.0 || >=14.17.0"
      }
    }
  }
}
