{
  "name": "@protodriver/generated-cli",
  "version": "0.0.0",
  "lockfileVersion": 3,
  "requires": true,
  "packages": {
    "": {
      "name": "@protodriver/generated-cli",
      "version": "0.0.0",
      "dependencies": {
        "@protodriver/contracts": "file:../contracts",
        "@protodriver/control-model": "file:../control-model"
      },
      "devDependencies": {
        "@types/node": "22.10.2",
        "typescript": "5.6.3"
      },
      "engines": {
        "node": ">=22"
      }
    },
    "../contracts": {
      "name": "@protodriver/contracts",
      "version": "0.0.0",
      "devDependencies": {
        "typescript": "5.6.3"
      },
      "engines": {
        "node": ">=22"
      }
    },
    "../control-model": {
      "name": "@protodriver/control-model",
      "version": "0.0.0",
      "dependencies": {
        "@protodriver/contracts": "file:../contracts"
      },
      "devDependencies": {
        "typescript": "5.6.3"
      },
      "engines": {
        "node": ">=22"
      }
    },
    "node_modules/@protodriver/contracts": {
      "resolved": "../contracts",
      "link": true
    },
    "node_modules/@protodriver/control-model": {
      "resolved": "../control-model",
      "link": true
    },
    "node_modules/@types/node": {
      "version": "22.10.2",
      "resolved": "https://registry.npmjs.org/@types/node/-/node-22.10.2.tgz",
      "integrity": "sha512-Xxr6BBRCAOQixvonOye19wnzyDiUtTeqldOOmj3CkeblonbccA12PFwlufvRdrpjXxqnmUaeiU5EOA+7s5diUQ==",
      "dev": true,
      "license": "MIT",
      "dependencies": {
        "undici-types": "~6.20.0"
      }
    },
    "node_modules/typescript": {
      "version": "5.6.3",
      "resolved": "https://registry.npmjs.org/typescript/-/typescript-5.6.3.tgz",
      "integrity": "sha512-hjcS1mhfuyi4WW8IWtjP7brDrG2cuDZukyrYrSauoXGNgx0S7zceP07adYkJycEr56BOUTNPzbInooiN3fn1qw==",
      "dev": true,
      "license": "Apache-2.0",
      "bin": {
        "tsc": "bin/tsc",
        "tsserver": "bin/tsserver"
      },
      "engines": {
        "node": ">=14.17"
      }
    },
    "node_modules/undici-types": {
      "version": "6.20.0",
      "resolved": "https://registry.npmjs.org/undici-types/-/undici-types-6.20.0.tgz",
      "integrity": "sha512-Ny6QZ2Nju20vw1SRHe3d9jVu6gJ+4e3+MMpqu7pqE5HT6WsTSlce++GQmK5UXS8mzV8DSYHrQH+Xrf2jVcuKNg==",
      "dev": true,
      "license": "MIT"
    }
  }
}
